
Microsoft Visual Studio Solution File, Format Version 12.00
# Visual Studio Version 16
VisualStudioVersion = 16.0.29613.14
MinimumVisualStudioVersion = 10.0.40219.1
Project("{2150E333-8FDC-42A3-9474-1A3956D46DE8}") = "docs", "docs", "{B600B3D5-B773-4DF5-97DB-1908540F6F7C}"
	ProjectSection(SolutionItems) = preProject
		..\changelog.md = ..\changelog.md
		..\readme.md = ..\readme.md
	EndProjectSection
EndProject
Project("{FAE04EC0-301F-11D3-BF4B-00C04F79EFBC}") = "tcBitcoin.Wallet", "tcBitcoin.Wallet\tcBitcoin.Wallet.csproj", "{B63728B1-E13D-4340-A627-E4EABCC454D7}"
EndProject
Project("{54435603-DBB4-11D2-8724-00A0C9A8B90C}") = "tcBitcoin.Installer", "tcBitcoin.Installer\tcBitcoin.Installer.vdproj", "{A2D8DF9B-FE63-4236-8846-F8490DD970E8}"
EndProject
Project("{2150E333-8FDC-42A3-9474-1A3956D46DE8}") = "installation", "installation", "{D8D940CA-0306-432B-B247-0D7E5B9B6D02}"
	ProjectSection(SolutionItems) = preProject
		installation\tcWalletSetup.zip = installation\tcWalletSetup.zip
	EndProjectSection
EndProject
Global
	GlobalSection(SolutionConfigurationPlatforms) = preSolution
		Debug|Any CPU = Debug|Any CPU
		Release|Any CPU = Release|Any CPU
	EndGlobalSection
	GlobalSection(ProjectConfigurationPlatforms) = postSolution
		{B63728B1-E13D-4340-A627-E4EABCC454D7}.Debug|Any CPU.ActiveCfg = Debug|Any CPU
		{B63728B1-E13D-4340-A627-E4EABCC454D7}.Debug|Any CPU.Build.0 = Debug|Any CPU
		{B63728B1-E13D-4340-A627-E4EABCC454D7}.Release|Any CPU.ActiveCfg = Release|Any CPU
		{B63728B1-E13D-4340-A627-E4EABCC454D7}.Release|Any CPU.Build.0 = Release|Any CPU
		{A2D8DF9B-FE63-4236-8846-F8490DD970E8}.Debug|Any CPU.ActiveCfg = Debug
		{A2D8DF9B-FE63-4236-8846-F8490DD970E8}.Release|Any CPU.ActiveCfg = Release
	EndGlobalSection
	GlobalSection(SolutionProperties) = preSolution
		HideSolutionNode = FALSE
	EndGlobalSection
	GlobalSection(ExtensibilityGlobals) = postSolution
		SolutionGuid = {02A6183A-B60D-42B1-B527-562A246B16B8}
	EndGlobalSection
EndGlobal
