
Microsoft Visual Studio Solution File, Format Version 12.00
# Visual Studio Version 16
VisualStudioVersion = 16.0.29613.14
MinimumVisualStudioVersion = 10.0.40219.1
Project("{2150E333-8FDC-42A3-9474-1A3956D46DE8}") = "docs", "docs", "{B600B3D5-B773-4DF5-97DB-1908540F6F7C}"
	ProjectSection(SolutionItems) = preProject
		..\readme.md = ..\readme.md
	EndProjectSection
EndProject
Project("{FAE04EC0-301F-11D3-BF4B-00C04F79EFBC}") = "tcBitcoin", "tcBitcoin\tcBitcoin.csproj", "{AFBFA771-B42E-4879-AEAC-2A0E69E685DB}"
EndProject
Global
	GlobalSection(SolutionConfigurationPlatforms) = preSolution
		Debug|Any CPU = Debug|Any CPU
		Release|Any CPU = Release|Any CPU
	EndGlobalSection
	GlobalSection(ProjectConfigurationPlatforms) = postSolution
		{AFBFA771-B42E-4879-AEAC-2A0E69E685DB}.Debug|Any CPU.ActiveCfg = Debug|Any CPU
		{AFBFA771-B42E-4879-AEAC-2A0E69E685DB}.Debug|Any CPU.Build.0 = Debug|Any CPU
		{AFBFA771-B42E-4879-AEAC-2A0E69E685DB}.Release|Any CPU.ActiveCfg = Release|Any CPU
		{AFBFA771-B42E-4879-AEAC-2A0E69E685DB}.Release|Any CPU.Build.0 = Release|Any CPU
	EndGlobalSection
	GlobalSection(SolutionProperties) = preSolution
		HideSolutionNode = FALSE
	EndGlobalSection
	GlobalSection(ExtensibilityGlobals) = postSolution
		SolutionGuid = {02A6183A-B60D-42B1-B527-562A246B16B8}
	EndGlobalSection
EndGlobal
